<?xml version="1.0" encoding="utf-8"?>
<Project ToolsVersion="4.0" xmlns="http://schemas.microsoft.com/developer/msbuild/2003">
  <ItemGroup>
    <Filter Include="entities">
      <UniqueIdentifier>{4FC737F1-C7A5-4376-A066-2A32D752A2FF}</UniqueIdentifier>
      <Extensions>cpp;c;cc;cxx;def;odl;idl;hpj;bat;asm;asmx</Extensions>
    </Filter>
    <Filter Include="elements">
      <UniqueIdentifier>{93995380-89BD-4b04-88EB-625FBE52EBFB}</UniqueIdentifier>
      <Extensions>h;hh;hpp;hxx;hm;inl;inc;ipp;xsd</Extensions>
    </Filter>
    <Filter Include="elements\air_element">
      <UniqueIdentifier>{68b9c2dd-6e0e-4414-99a3-28c70a48365d}</UniqueIdentifier>
    </Filter>
    <Filter Include="elements\water_element">
      <UniqueIdentifier>{6accea1e-ecdb-4754-8c5c-bfec636fda70}</UniqueIdentifier>
    </Filter>
    <Filter Include="elements\fire_element">
      <UniqueIdentifier>{95629ce4-5e18-4bf5-927d-8205bb85b888}</UniqueIdentifier>
    </Filter>
    <Filter Include="elements\earth_element">
      <UniqueIdentifier>{360da1d2-b7f0-4573-a373-f79b8db5d5c7}</UniqueIdentifier>
    </Filter>
    <Filter Include="entities\enemy">
      <UniqueIdentifier>{b9b811ef-828e-485c-91b9-9b8e0301203f}</UniqueIdentifier>
    </Filter>
    <Filter Include="entities\player">
      <UniqueIdentifier>{885e708b-01c0-41ce-9ed1-41858641d483}</UniqueIdentifier>
    </Filter>
    <Filter Include="game_manager">
      <UniqueIdentifier>{67DA6AB6-F800-4c08-8B7A-83BB121AAD01}</UniqueIdentifier>
      <Extensions>rc;ico;cur;bmp;dlg;rc2;rct;bin;rgs;gif;jpg;jpeg;jpe;resx;tiff;tif;png;wav;mfcribbon-ms</Extensions>
    </Filter>
    <Filter Include="elements\element_manager">
      <UniqueIdentifier>{4b30dc07-3573-4087-9836-a8fe5f966fbb}</UniqueIdentifier>
    </Filter>
  </ItemGroup>
  <ItemGroup>
    <ClCompile Include="..\src\elements\air_element\air_element.cpp">
      <Filter>elements\air_element</Filter>
    </ClCompile>
    <ClCompile Include="..\src\elements\earth_element\earth_element.cpp">
      <Filter>elements\earth_element</Filter>
    </ClCompile>
    <ClCompile Include="..\src\elements\fire_element\fire_element.cpp">
      <Filter>elements\fire_element</Filter>
    </ClCompile>
    <ClCompile Include="..\src\elements\water_element\water_element.cpp">
      <Filter>elements\water_element</Filter>
    </ClCompile>
    <ClCompile Include="..\src\elements\element_manager\element_manager.cpp">
      <Filter>elements\element_manager</Filter>
    </ClCompile>
    <ClCompile Include="..\src\game_manager\game_manager.cpp">
      <Filter>game_manager</Filter>
    </ClCompile>
    <ClCompile Include="..\src\entities\player\Player.cpp">
      <Filter>entities\player</Filter>
    </ClCompile>
    <ClCompile Include="..\src\entities\enemy\enemy.cpp">
      <Filter>entities\enemy</Filter>
    </ClCompile>
    <ClCompile Include="..\src\main.cpp" />
  </ItemGroup>
  <ItemGroup>
    <ClInclude Include="..\src\elements\air_element\air_element.h">
      <Filter>elements\air_element</Filter>
    </ClInclude>
    <ClInclude Include="..\src\elements\earth_element\earth_element.h">
      <Filter>elements\earth_element</Filter>
    </ClInclude>
    <ClInclude Include="..\src\elements\fire_element\fire_element.h">
      <Filter>elements\fire_element</Filter>
    </ClInclude>
    <ClInclude Include="..\src\elements\water_element\water_element.h">
      <Filter>elements\water_element</Filter>
    </ClInclude>
    <ClInclude Include="..\src\elements\element_manager\element_manager.h">
      <Filter>elements\element_manager</Filter>
    </ClInclude>
    <ClInclude Include="..\src\game_manager\game_manager.h">
      <Filter>game_manager</Filter>
    </ClInclude>
    <ClInclude Include="..\src\entities\player\player.h">
      <Filter>entities\player</Filter>
    </ClInclude>
    <ClInclude Include="..\src\entities\enemy\enemy.h">
      <Filter>entities\enemy</Filter>
    </ClInclude>
  </ItemGroup>
</Project>